
Microsoft Visual Studio Solution File, Format Version 12.00
# Visual Studio Version 16
VisualStudioVersion = 16.0.31624.102
MinimumVisualStudioVersion = 10.0.40219.1
Project("{FAE04EC0-301F-11D3-BF4B-00C04F79EFBC}") = "test", "test\test.csproj", "{82063F41-DEE8-413D-84B5-3E705BEB8615}"
EndProject
Global
	GlobalSection(SolutionConfigurationPlatforms) = preSolution
		Debug|Any CPU = Debug|Any CPU
		Release|Any CPU = Release|Any CPU
	EndGlobalSection
	GlobalSection(ProjectConfigurationPlatforms) = postSolution
		{82063F41-DEE8-413D-84B5-3E705BEB8615}.Debug|Any CPU.ActiveCfg = Debug|Any CPU
		{82063F41-DEE8-413D-84B5-3E705BEB8615}.Debug|Any CPU.Build.0 = Debug|Any CPU
		{82063F41-DEE8-413D-84B5-3E705BEB8615}.Release|Any CPU.ActiveCfg = Release|Any CPU
		{82063F41-DEE8-413D-84B5-3E705BEB8615}.Release|Any CPU.Build.0 = Release|Any CPU
	EndGlobalSection
	GlobalSection(SolutionProperties) = preSolution
		HideSolutionNode = FALSE
	EndGlobalSection
	GlobalSection(ExtensibilityGlobals) = postSolution
		SolutionGuid = {859941F5-B121-45D2-B621-611E020233D7}
	EndGlobalSection
EndGlobal
